
Microsoft Visual Studio Solution File, Format Version 12.00
# Visual Studio Version 17
VisualStudioVersion = 17.9.34723.18
MinimumVisualStudioVersion = 10.0.40219.1
Project("{FAE04EC0-301F-11D3-BF4B-00C04F79EFBC}") = "BookStore.Api", "BookStore.Api.csproj", "{868105F7-9EB4-4E7B-BE32-0623467041BC}"
EndProject
Project("{FAE04EC0-301F-11D3-BF4B-00C04F79EFBC}") = "BookStore.Core", "..\BoocStore.Core\BookStore.Core.csproj", "{79BD86D7-3AAF-4D5A-93BB-62F6D32F85CB}"
EndProject
Project("{FAE04EC0-301F-11D3-BF4B-00C04F79EFBC}") = "BookStore.DataAccess", "..\BookStore.DataAccess\BookStore.DataAccess.csproj", "{FCF6C5D6-A77D-42D6-AF9C-A2C4F7C0E05C}"
EndProject
Project("{FAE04EC0-301F-11D3-BF4B-00C04F79EFBC}") = "BookStore.Application", "..\BookStore.Application\BookStore.Application.csproj", "{5DD207CB-8CEC-456A-BEDB-CBDCE01897E9}"
EndProject
Global
	GlobalSection(SolutionConfigurationPlatforms) = preSolution
		Debug|Any CPU = Debug|Any CPU
		Release|Any CPU = Release|Any CPU
	EndGlobalSection
	GlobalSection(ProjectConfigurationPlatforms) = postSolution
		{868105F7-9EB4-4E7B-BE32-0623467041BC}.Debug|Any CPU.ActiveCfg = Debug|Any CPU
		{868105F7-9EB4-4E7B-BE32-0623467041BC}.Debug|Any CPU.Build.0 = Debug|Any CPU
		{868105F7-9EB4-4E7B-BE32-0623467041BC}.Release|Any CPU.ActiveCfg = Release|Any CPU
		{868105F7-9EB4-4E7B-BE32-0623467041BC}.Release|Any CPU.Build.0 = Release|Any CPU
		{79BD86D7-3AAF-4D5A-93BB-62F6D32F85CB}.Debug|Any CPU.ActiveCfg = Debug|Any CPU
		{79BD86D7-3AAF-4D5A-93BB-62F6D32F85CB}.Debug|Any CPU.Build.0 = Debug|Any CPU
		{79BD86D7-3AAF-4D5A-93BB-62F6D32F85CB}.Release|Any CPU.ActiveCfg = Release|Any CPU
		{79BD86D7-3AAF-4D5A-93BB-62F6D32F85CB}.Release|Any CPU.Build.0 = Release|Any CPU
		{FCF6C5D6-A77D-42D6-AF9C-A2C4F7C0E05C}.Debug|Any CPU.ActiveCfg = Debug|Any CPU
		{FCF6C5D6-A77D-42D6-AF9C-A2C4F7C0E05C}.Debug|Any CPU.Build.0 = Debug|Any CPU
		{FCF6C5D6-A77D-42D6-AF9C-A2C4F7C0E05C}.Release|Any CPU.ActiveCfg = Release|Any CPU
		{FCF6C5D6-A77D-42D6-AF9C-A2C4F7C0E05C}.Release|Any CPU.Build.0 = Release|Any CPU
		{5DD207CB-8CEC-456A-BEDB-CBDCE01897E9}.Debug|Any CPU.ActiveCfg = Debug|Any CPU
		{5DD207CB-8CEC-456A-BEDB-CBDCE01897E9}.Debug|Any CPU.Build.0 = Debug|Any CPU
		{5DD207CB-8CEC-456A-BEDB-CBDCE01897E9}.Release|Any CPU.ActiveCfg = Release|Any CPU
		{5DD207CB-8CEC-456A-BEDB-CBDCE01897E9}.Release|Any CPU.Build.0 = Release|Any CPU
	EndGlobalSection
	GlobalSection(SolutionProperties) = preSolution
		HideSolutionNode = FALSE
	EndGlobalSection
	GlobalSection(ExtensibilityGlobals) = postSolution
		SolutionGuid = {55B17673-0DF8-4B2C-B58D-79F2C1123F36}
	EndGlobalSection
EndGlobal
